
Microsoft Visual Studio Solution File, Format Version 12.00
# Visual Studio Version 17
VisualStudioVersion = 17.10.35122.118
MinimumVisualStudioVersion = 10.0.40219.1
Project("{9A19103F-16F7-4668-BE54-9A1E7A4F7556}") = "Programa condicional", "Programa condicional.csproj", "{7E0343B6-1BFC-4821-A7A9-0CEBE3F21997}"
EndProject
Project("{FAE04EC0-301F-11D3-BF4B-00C04F79EFBC}") = "minusplus", "..\minusplus\minusplus.csproj", "{5AFB8D63-80C3-4581-BC8D-AB7A6854AFFF}"
EndProject
Project("{FAE04EC0-301F-11D3-BF4B-00C04F79EFBC}") = "quest", "..\quest\quest.csproj", "{8E55E64F-BEDA-4DED-9B92-24828F5BF3C0}"
EndProject
Global
	GlobalSection(SolutionConfigurationPlatforms) = preSolution
		Debug|Any CPU = Debug|Any CPU
		Release|Any CPU = Release|Any CPU
	EndGlobalSection
	GlobalSection(ProjectConfigurationPlatforms) = postSolution
		{7E0343B6-1BFC-4821-A7A9-0CEBE3F21997}.Debug|Any CPU.ActiveCfg = Debug|Any CPU
		{7E0343B6-1BFC-4821-A7A9-0CEBE3F21997}.Debug|Any CPU.Build.0 = Debug|Any CPU
		{7E0343B6-1BFC-4821-A7A9-0CEBE3F21997}.Release|Any CPU.ActiveCfg = Release|Any CPU
		{7E0343B6-1BFC-4821-A7A9-0CEBE3F21997}.Release|Any CPU.Build.0 = Release|Any CPU
		{5AFB8D63-80C3-4581-BC8D-AB7A6854AFFF}.Debug|Any CPU.ActiveCfg = Debug|Any CPU
		{5AFB8D63-80C3-4581-BC8D-AB7A6854AFFF}.Debug|Any CPU.Build.0 = Debug|Any CPU
		{5AFB8D63-80C3-4581-BC8D-AB7A6854AFFF}.Release|Any CPU.ActiveCfg = Release|Any CPU
		{5AFB8D63-80C3-4581-BC8D-AB7A6854AFFF}.Release|Any CPU.Build.0 = Release|Any CPU
		{8E55E64F-BEDA-4DED-9B92-24828F5BF3C0}.Debug|Any CPU.ActiveCfg = Debug|Any CPU
		{8E55E64F-BEDA-4DED-9B92-24828F5BF3C0}.Debug|Any CPU.Build.0 = Debug|Any CPU
		{8E55E64F-BEDA-4DED-9B92-24828F5BF3C0}.Release|Any CPU.ActiveCfg = Release|Any CPU
		{8E55E64F-BEDA-4DED-9B92-24828F5BF3C0}.Release|Any CPU.Build.0 = Release|Any CPU
	EndGlobalSection
	GlobalSection(SolutionProperties) = preSolution
		HideSolutionNode = FALSE
	EndGlobalSection
	GlobalSection(ExtensibilityGlobals) = postSolution
		SolutionGuid = {65912333-C420-40C1-B867-3B9F78C8D2F6}
	EndGlobalSection
EndGlobal
